// !$*UTF8*$!
{
	archiveVersion = 1;
	classes = {
	};
	objectVersion = 51;
	objects = {

/* Begin PBXBuildFile section */
		46771F7E26905D1200205646 /* Insta_Swift.xcdatamodeld in Sources */ = {isa = PBXBuildFile; fileRef = 46771F7C26905D1200205646 /* Insta_Swift.xcdatamodeld */; };
		46771FEC2690613000205646 /* AppDelegate.swift in Sources */ = {isa = PBXBuildFile; fileRef = 46771FD32690613000205646 /* AppDelegate.swift */; };
		46772002269061C000205646 /* SceneDelegate.swift in Sources */ = {isa = PBXBuildFile; fileRef = 46772001269061C000205646 /* SceneDelegate.swift */; };
		467720272690628600205646 /* Assets.xcassets in Resources */ = {isa = PBXBuildFile; fileRef = 46771F7F26905D1400205646 /* Assets.xcassets */; };
		46974F30269064FE00B10D39 /* FeedCell.swift in Sources */ = {isa = PBXBuildFile; fileRef = 46974F2D269064FE00B10D39 /* FeedCell.swift */; };
		46974F31269064FE00B10D39 /* CustomButton.swift in Sources */ = {isa = PBXBuildFile; fileRef = 46974F2E269064FE00B10D39 /* CustomButton.swift */; };
		46974F32269064FE00B10D39 /* CustomTextField.swift in Sources */ = {isa = PBXBuildFile; fileRef = 46974F2F269064FE00B10D39 /* CustomTextField.swift */; };
		46974F342690652100B10D39 /* Extensions.swift in Sources */ = {isa = PBXBuildFile; fileRef = 46974F332690652100B10D39 /* Extensions.swift */; };
		46974F3E2690654100B10D39 /* FeedController.swift in Sources */ = {isa = PBXBuildFile; fileRef = 46974F352690654000B10D39 /* FeedController.swift */; };
		46974F3F2690654100B10D39 /* NotificationController.swift in Sources */ = {isa = PBXBuildFile; fileRef = 46974F362690654000B10D39 /* NotificationController.swift */; };
		46974F402690654100B10D39 /* ImageSelectorController.swift in Sources */ = {isa = PBXBuildFile; fileRef = 46974F372690654000B10D39 /* ImageSelectorController.swift */; };
		46974F412690654100B10D39 /* MainTabController.swift in Sources */ = {isa = PBXBuildFile; fileRef = 46974F382690654000B10D39 /* MainTabController.swift */; };
		46974F422690654100B10D39 /* RegistrationController.swift in Sources */ = {isa = PBXBuildFile; fileRef = 46974F3A2690654000B10D39 /* RegistrationController.swift */; };
		46974F432690654100B10D39 /* LoginController.swift in Sources */ = {isa = PBXBuildFile; fileRef = 46974F3B2690654000B10D39 /* LoginController.swift */; };
		46974F442690654100B10D39 /* ProfileController.swift in Sources */ = {isa = PBXBuildFile; fileRef = 46974F3C2690654000B10D39 /* ProfileController.swift */; };
		46974F452690654100B10D39 /* SearchController.swift in Sources */ = {isa = PBXBuildFile; fileRef = 46974F3D2690654100B10D39 /* SearchController.swift */; };
		46974F472692DE6A00B10D39 /* AuthenicationViewModel.swift in Sources */ = {isa = PBXBuildFile; fileRef = 46974F462692DE6A00B10D39 /* AuthenicationViewModel.swift */; };
		46974F5026933E9500B10D39 /* ImageUploader.swift in Sources */ = {isa = PBXBuildFile; fileRef = 46974F4F26933E9500B10D39 /* ImageUploader.swift */; };
		46974F5226933EAA00B10D39 /* AuthService.swift in Sources */ = {isa = PBXBuildFile; fileRef = 46974F5126933EAA00B10D39 /* AuthService.swift */; };
		46974F5526944AB000B10D39 /* ProfileCell.swift in Sources */ = {isa = PBXBuildFile; fileRef = 46974F5426944AB000B10D39 /* ProfileCell.swift */; };
		46974F5726944AB800B10D39 /* ProfileHeader.swift in Sources */ = {isa = PBXBuildFile; fileRef = 46974F5626944AB800B10D39 /* ProfileHeader.swift */; };
		46974F5926948D5700B10D39 /* UserService.swift in Sources */ = {isa = PBXBuildFile; fileRef = 46974F5826948D5700B10D39 /* UserService.swift */; };
		46974F5B26948DEC00B10D39 /* Constants.swift in Sources */ = {isa = PBXBuildFile; fileRef = 46974F5A26948DEC00B10D39 /* Constants.swift */; };
		46974F5D2694901700B10D39 /* User.swift in Sources */ = {isa = PBXBuildFile; fileRef = 46974F5C2694901700B10D39 /* User.swift */; };
		4697503926997A9F00B10D39 /* UserCell.swift in Sources */ = {isa = PBXBuildFile; fileRef = 4697503826997A9F00B10D39 /* UserCell.swift */; };
		4697503B269AD5B600B10D39 /* ProfileHeaderViewModel.swift in Sources */ = {isa = PBXBuildFile; fileRef = 4697503A269AD5B600B10D39 /* ProfileHeaderViewModel.swift */; };
		46975082269D08CD00B10D39 /* UserCellViewModel.swift in Sources */ = {isa = PBXBuildFile; fileRef = 46975081269D08CD00B10D39 /* UserCellViewModel.swift */; };
		469750A726A5318600B10D39 /* UploadPostController.swift in Sources */ = {isa = PBXBuildFile; fileRef = 469750A626A5318600B10D39 /* UploadPostController.swift */; };
		469750A926A534E000B10D39 /* InputTextView.swift in Sources */ = {isa = PBXBuildFile; fileRef = 469750A826A534E000B10D39 /* InputTextView.swift */; };
		469750AB26A5383400B10D39 /* GoogleService-Info.plist in Resources */ = {isa = PBXBuildFile; fileRef = 469750AA26A5383400B10D39 /* GoogleService-Info.plist */; };
		CE5331620F15F25873252634 /* Pods_Insta_Swift.framework in Frameworks */ = {isa = PBXBuildFile; fileRef = CC5DFACD56721B0952CDBC9A /* Pods_Insta_Swift.framework */; };
/* End PBXBuildFile section */

/* Begin PBXFileReference section */
		0004FFA1E63A6B41D9F74EE0 /* Pods-Insta_Swift.release.xcconfig */ = {isa = PBXFileReference; includeInIndex = 1; lastKnownFileType = text.xcconfig; name = "Pods-Insta_Swift.release.xcconfig"; path = "Target Support Files/Pods-Insta_Swift/Pods-Insta_Swift.release.xcconfig"; sourceTree = "<group>"; };
		46771F7026905D1200205646 /* Insta_Swift.app */ = {isa = PBXFileReference; explicitFileType = wrapper.application; includeInIndex = 0; path = Insta_Swift.app; sourceTree = BUILT_PRODUCTS_DIR; };
		46771F7D26905D1200205646 /* Insta_Swift.xcdatamodel */ = {isa = PBXFileReference; lastKnownFileType = wrapper.xcdatamodel; path = Insta_Swift.xcdatamodel; sourceTree = "<group>"; };
		46771F7F26905D1400205646 /* Assets.xcassets */ = {isa = PBXFileReference; lastKnownFileType = folder.assetcatalog; path = Assets.xcassets; sourceTree = "<group>"; };
		46771F8226905D1400205646 /* Base */ = {isa = PBXFileReference; lastKnownFileType = file.storyboard; name = Base; path = Base.lproj/LaunchScreen.storyboard; sourceTree = "<group>"; };
		46771F8426905D1400205646 /* Info.plist */ = {isa = PBXFileReference; lastKnownFileType = text.plist.xml; path = Info.plist; sourceTree = "<group>"; };
		46771FD32690613000205646 /* AppDelegate.swift */ = {isa = PBXFileReference; fileEncoding = 4; lastKnownFileType = sourcecode.swift; path = AppDelegate.swift; sourceTree = "<group>"; };
		46772001269061C000205646 /* SceneDelegate.swift */ = {isa = PBXFileReference; fileEncoding = 4; lastKnownFileType = sourcecode.swift; path = SceneDelegate.swift; sourceTree = "<group>"; };
		46974F2D269064FE00B10D39 /* FeedCell.swift */ = {isa = PBXFileReference; fileEncoding = 4; lastKnownFileType = sourcecode.swift; path = FeedCell.swift; sourceTree = "<group>"; };
		46974F2E269064FE00B10D39 /* CustomButton.swift */ = {isa = PBXFileReference; fileEncoding = 4; lastKnownFileType = sourcecode.swift; path = CustomButton.swift; sourceTree = "<group>"; };
		46974F2F269064FE00B10D39 /* CustomTextField.swift */ = {isa = PBXFileReference; fileEncoding = 4; lastKnownFileType = sourcecode.swift; path = CustomTextField.swift; sourceTree = "<group>"; };
		46974F332690652100B10D39 /* Extensions.swift */ = {isa = PBXFileReference; fileEncoding = 4; lastKnownFileType = sourcecode.swift; path = Extensions.swift; sourceTree = "<group>"; };
		46974F352690654000B10D39 /* FeedController.swift */ = {isa = PBXFileReference; fileEncoding = 4; lastKnownFileType = sourcecode.swift; path = FeedController.swift; sourceTree = "<group>"; };
		46974F362690654000B10D39 /* NotificationController.swift */ = {isa = PBXFileReference; fileEncoding = 4; lastKnownFileType = sourcecode.swift; path = NotificationController.swift; sourceTree = "<group>"; };
		46974F372690654000B10D39 /* ImageSelectorController.swift */ = {isa = PBXFileReference; fileEncoding = 4; lastKnownFileType = sourcecode.swift; path = ImageSelectorController.swift; sourceTree = "<group>"; };
		46974F382690654000B10D39 /* MainTabController.swift */ = {isa = PBXFileReference; fileEncoding = 4; lastKnownFileType = sourcecode.swift; path = MainTabController.swift; sourceTree = "<group>"; };
		46974F3A2690654000B10D39 /* RegistrationController.swift */ = {isa = PBXFileReference; fileEncoding = 4; lastKnownFileType = sourcecode.swift; path = RegistrationController.swift; sourceTree = "<group>"; };
		46974F3B2690654000B10D39 /* LoginController.swift */ = {isa = PBXFileReference; fileEncoding = 4; lastKnownFileType = sourcecode.swift; path = LoginController.swift; sourceTree = "<group>"; };
		46974F3C2690654000B10D39 /* ProfileController.swift */ = {isa = PBXFileReference; fileEncoding = 4; lastKnownFileType = sourcecode.swift; path = ProfileController.swift; sourceTree = "<group>"; };
		46974F3D2690654100B10D39 /* SearchController.swift */ = {isa = PBXFileReference; fileEncoding = 4; lastKnownFileType = sourcecode.swift; path = SearchController.swift; sourceTree = "<group>"; };
		46974F462692DE6A00B10D39 /* AuthenicationViewModel.swift */ = {isa = PBXFileReference; lastKnownFileType = sourcecode.swift; path = AuthenicationViewModel.swift; sourceTree = "<group>"; };
		46974F482692FA1500B10D39 /* Insta_Swift.entitlements */ = {isa = PBXFileReference; lastKnownFileType = text.plist.entitlements; path = Insta_Swift.entitlements; sourceTree = "<group>"; };
		46974F4F26933E9500B10D39 /* ImageUploader.swift */ = {isa = PBXFileReference; lastKnownFileType = sourcecode.swift; path = ImageUploader.swift; sourceTree = "<group>"; };
		46974F5126933EAA00B10D39 /* AuthService.swift */ = {isa = PBXFileReference; lastKnownFileType = sourcecode.swift; path = AuthService.swift; sourceTree = "<group>"; };
		46974F5426944AB000B10D39 /* ProfileCell.swift */ = {isa = PBXFileReference; lastKnownFileType = sourcecode.swift; path = ProfileCell.swift; sourceTree = "<group>"; };
		46974F5626944AB800B10D39 /* ProfileHeader.swift */ = {isa = PBXFileReference; lastKnownFileType = sourcecode.swift; path = ProfileHeader.swift; sourceTree = "<group>"; };
		46974F5826948D5700B10D39 /* UserService.swift */ = {isa = PBXFileReference; lastKnownFileType = sourcecode.swift; path = UserService.swift; sourceTree = "<group>"; };
		46974F5A26948DEC00B10D39 /* Constants.swift */ = {isa = PBXFileReference; lastKnownFileType = sourcecode.swift; path = Constants.swift; sourceTree = "<group>"; };
		46974F5C2694901700B10D39 /* User.swift */ = {isa = PBXFileReference; lastKnownFileType = sourcecode.swift; path = User.swift; sourceTree = "<group>"; };
		4697503826997A9F00B10D39 /* UserCell.swift */ = {isa = PBXFileReference; lastKnownFileType = sourcecode.swift; path = UserCell.swift; sourceTree = "<group>"; };
		4697503A269AD5B600B10D39 /* ProfileHeaderViewModel.swift */ = {isa = PBXFileReference; lastKnownFileType = sourcecode.swift; path = ProfileHeaderViewModel.swift; sourceTree = "<group>"; };
		46975081269D08CD00B10D39 /* UserCellViewModel.swift */ = {isa = PBXFileReference; lastKnownFileType = sourcecode.swift; path = UserCellViewModel.swift; sourceTree = "<group>"; };
		469750A626A5318600B10D39 /* UploadPostController.swift */ = {isa = PBXFileReference; lastKnownFileType = sourcecode.swift; path = UploadPostController.swift; sourceTree = "<group>"; };
		469750A826A534E000B10D39 /* InputTextView.swift */ = {isa = PBXFileReference; lastKnownFileType = sourcecode.swift; path = InputTextView.swift; sourceTree = "<group>"; };
		469750AA26A5383400B10D39 /* GoogleService-Info.plist */ = {isa = PBXFileReference; fileEncoding = 4; lastKnownFileType = text.plist.xml; path = "GoogleService-Info.plist"; sourceTree = "<group>"; };
		7E153084015DFF6B57322A7C /* Pods-Insta_Swift.debug.xcconfig */ = {isa = PBXFileReference; includeInIndex = 1; lastKnownFileType = text.xcconfig; name = "Pods-Insta_Swift.debug.xcconfig"; path = "Target Support Files/Pods-Insta_Swift/Pods-Insta_Swift.debug.xcconfig"; sourceTree = "<group>"; };
		CC5DFACD56721B0952CDBC9A /* Pods_Insta_Swift.framework */ = {isa = PBXFileReference; explicitFileType = wrapper.framework; includeInIndex = 0; path = Pods_Insta_Swift.framework; sourceTree = BUILT_PRODUCTS_DIR; };
/* End PBXFileReference section */

/* Begin PBXFrameworksBuildPhase section */
		46771F6D26905D1200205646 /* Frameworks */ = {
			isa = PBXFrameworksBuildPhase;
			buildActionMask = 2147483647;
			files = (
				CE5331620F15F25873252634 /* Pods_Insta_Swift.framework in Frameworks */,
			);
			runOnlyForDeploymentPostprocessing = 0;
		};
/* End PBXFrameworksBuildPhase section */

/* Begin PBXGroup section */
		46771F6726905D1200205646 = {
			isa = PBXGroup;
			children = (
				46771F7226905D1200205646 /* Insta_Swift */,
				46771F7126905D1200205646 /* Products */,
				F61F6CE2AC37CA4FB589C1C3 /* Pods */,
				6732D4204F4E4A80F6295770 /* Frameworks */,
			);
			sourceTree = "<group>";
		};
		46771F7126905D1200205646 /* Products */ = {
			isa = PBXGroup;
			children = (
				46771F7026905D1200205646 /* Insta_Swift.app */,
			);
			name = Products;
			sourceTree = "<group>";
		};
		46771F7226905D1200205646 /* Insta_Swift */ = {
			isa = PBXGroup;
			children = (
				46974F482692FA1500B10D39 /* Insta_Swift.entitlements */,
				46974F27269064A800B10D39 /* Model */,
				46974F28269064B200B10D39 /* View */,
				46974F29269064B900B10D39 /* ViewModel */,
				46974F2A269064CD00B10D39 /* Controller */,
				46974F2B269064D600B10D39 /* API */,
				46974F2C269064DB00B10D39 /* Utils */,
				46771FD32690613000205646 /* AppDelegate.swift */,
				46772001269061C000205646 /* SceneDelegate.swift */,
				46771F7F26905D1400205646 /* Assets.xcassets */,
				46771F8126905D1400205646 /* LaunchScreen.storyboard */,
				46771F8426905D1400205646 /* Info.plist */,
				469750AA26A5383400B10D39 /* GoogleService-Info.plist */,
				46771F7C26905D1200205646 /* Insta_Swift.xcdatamodeld */,
			);
			path = Insta_Swift;
			sourceTree = "<group>";
		};
		46974F27269064A800B10D39 /* Model */ = {
			isa = PBXGroup;
			children = (
				46974F5C2694901700B10D39 /* User.swift */,
			);
			path = Model;
			sourceTree = "<group>";
		};
		46974F28269064B200B10D39 /* View */ = {
			isa = PBXGroup;
			children = (
				46974F5326944A9800B10D39 /* Profile */,
				46974F2E269064FE00B10D39 /* CustomButton.swift */,
				46974F2F269064FE00B10D39 /* CustomTextField.swift */,
				46974F2D269064FE00B10D39 /* FeedCell.swift */,
				4697503826997A9F00B10D39 /* UserCell.swift */,
			);
			path = View;
			sourceTree = "<group>";
		};
		46974F29269064B900B10D39 /* ViewModel */ = {
			isa = PBXGroup;
			children = (
				46974F462692DE6A00B10D39 /* AuthenicationViewModel.swift */,
				4697503A269AD5B600B10D39 /* ProfileHeaderViewModel.swift */,
				46975081269D08CD00B10D39 /* UserCellViewModel.swift */,
			);
			path = ViewModel;
			sourceTree = "<group>";
		};
		46974F2A269064CD00B10D39 /* Controller */ = {
			isa = PBXGroup;
			children = (
				46974F392690654000B10D39 /* Authenication */,
				46974F382690654000B10D39 /* MainTabController.swift */,
				46974F352690654000B10D39 /* FeedController.swift */,
				46974F372690654000B10D39 /* ImageSelectorController.swift */,
				46974F362690654000B10D39 /* NotificationController.swift */,
				46974F3D2690654100B10D39 /* SearchController.swift */,
				46974F3C2690654000B10D39 /* ProfileController.swift */,
				469750A626A5318600B10D39 /* UploadPostController.swift */,
			);
			path = Controller;
			sourceTree = "<group>";
		};
		46974F2B269064D600B10D39 /* API */ = {
			isa = PBXGroup;
			children = (
				46974F4F26933E9500B10D39 /* ImageUploader.swift */,
				46974F5126933EAA00B10D39 /* AuthService.swift */,
				46974F5826948D5700B10D39 /* UserService.swift */,
			);
			path = API;
			sourceTree = "<group>";
		};
		46974F2C269064DB00B10D39 /* Utils */ = {
			isa = PBXGroup;
			children = (
				46974F332690652100B10D39 /* Extensions.swift */,
				46974F5A26948DEC00B10D39 /* Constants.swift */,
				469750A826A534E000B10D39 /* InputTextView.swift */,
			);
			path = Utils;
			sourceTree = "<group>";
		};
		46974F392690654000B10D39 /* Authenication */ = {
			isa = PBXGroup;
			children = (
				46974F3B2690654000B10D39 /* LoginController.swift */,
				46974F3A2690654000B10D39 /* RegistrationController.swift */,
			);
			path = Authenication;
			sourceTree = "<group>";
		};
		46974F5326944A9800B10D39 /* Profile */ = {
			isa = PBXGroup;
			children = (
				46974F5426944AB000B10D39 /* ProfileCell.swift */,
				46974F5626944AB800B10D39 /* ProfileHeader.swift */,
			);
			path = Profile;
			sourceTree = "<group>";
		};
		6732D4204F4E4A80F6295770 /* Frameworks */ = {
			isa = PBXGroup;
			children = (
				CC5DFACD56721B0952CDBC9A /* Pods_Insta_Swift.framework */,
			);
			name = Frameworks;
			sourceTree = "<group>";
		};
		F61F6CE2AC37CA4FB589C1C3 /* Pods */ = {
			isa = PBXGroup;
			children = (
				7E153084015DFF6B57322A7C /* Pods-Insta_Swift.debug.xcconfig */,
				0004FFA1E63A6B41D9F74EE0 /* Pods-Insta_Swift.release.xcconfig */,
			);
			path = Pods;
			sourceTree = "<group>";
		};
/* End PBXGroup section */

/* Begin PBXNativeTarget section */
		46771F6F26905D1200205646 /* Insta_Swift */ = {
			isa = PBXNativeTarget;
			buildConfigurationList = 46771F8726905D1400205646 /* Build configuration list for PBXNativeTarget "Insta_Swift" */;
			buildPhases = (
				23B3BD6B0A0D3F3B6955E6A2 /* [CP] Check Pods Manifest.lock */,
				46771F6C26905D1200205646 /* Sources */,
				46771F6D26905D1200205646 /* Frameworks */,
				46771F6E26905D1200205646 /* Resources */,
				9DB019C805FAB401E261E3AD /* [CP] Embed Pods Frameworks */,
			);
			buildRules = (
			);
			dependencies = (
			);
			name = Insta_Swift;
			productName = Insta_Swift;
			productReference = 46771F7026905D1200205646 /* Insta_Swift.app */;
			productType = "com.apple.product-type.application";
		};
/* End PBXNativeTarget section */

/* Begin PBXProject section */
		46771F6826905D1200205646 /* Project object */ = {
			isa = PBXProject;
			attributes = {
				LastSwiftUpdateCheck = 1250;
				LastUpgradeCheck = 1250;
				TargetAttributes = {
					46771F6F26905D1200205646 = {
						CreatedOnToolsVersion = 12.5.1;
					};
				};
			};
			buildConfigurationList = 46771F6B26905D1200205646 /* Build configuration list for PBXProject "Insta_Swift" */;
			compatibilityVersion = "Xcode 9.3";
			developmentRegion = en;
			hasScannedForEncodings = 0;
			knownRegions = (
				en,
				Base,
			);
			mainGroup = 46771F6726905D1200205646;
			productRefGroup = 46771F7126905D1200205646 /* Products */;
			projectDirPath = "";
			projectRoot = "";
			targets = (
				46771F6F26905D1200205646 /* Insta_Swift */,
			);
		};
/* End PBXProject section */

/* Begin PBXResourcesBuildPhase section */
		46771F6E26905D1200205646 /* Resources */ = {
			isa = PBXResourcesBuildPhase;
			buildActionMask = 2147483647;
			files = (
				467720272690628600205646 /* Assets.xcassets in Resources */,
				469750AB26A5383400B10D39 /* GoogleService-Info.plist in Resources */,
			);
			runOnlyForDeploymentPostprocessing = 0;
		};
/* End PBXResourcesBuildPhase section */

/* Begin PBXShellScriptBuildPhase section */
		23B3BD6B0A0D3F3B6955E6A2 /* [CP] Check Pods Manifest.lock */ = {
			isa = PBXShellScriptBuildPhase;
			buildActionMask = 2147483647;
			files = (
			);
			inputFileListPaths = (
			);
			inputPaths = (
				"${PODS_PODFILE_DIR_PATH}/Podfile.lock",
				"${PODS_ROOT}/Manifest.lock",
			);
			name = "[CP] Check Pods Manifest.lock";
			outputFileListPaths = (
			);
			outputPaths = (
				"$(DERIVED_FILE_DIR)/Pods-Insta_Swift-checkManifestLockResult.txt",
			);
			runOnlyForDeploymentPostprocessing = 0;
			shellPath = /bin/sh;
			shellScript = "diff \"${PODS_PODFILE_DIR_PATH}/Podfile.lock\" \"${PODS_ROOT}/Manifest.lock\" > /dev/null\nif [ $? != 0 ] ; then\n    # print error to STDERR\n    echo \"error: The sandbox is not in sync with the Podfile.lock. Run 'pod install' or update your CocoaPods installation.\" >&2\n    exit 1\nfi\n# This output is used by Xcode 'outputs' to avoid re-running this script phase.\necho \"SUCCESS\" > \"${SCRIPT_OUTPUT_FILE_0}\"\n";
			showEnvVarsInLog = 0;
		};
		9DB019C805FAB401E261E3AD /* [CP] Embed Pods Frameworks */ = {
			isa = PBXShellScriptBuildPhase;
			buildActionMask = 2147483647;
			files = (
			);
			inputFileListPaths = (
				"${PODS_ROOT}/Target Support Files/Pods-Insta_Swift/Pods-Insta_Swift-frameworks-${CONFIGURATION}-input-files.xcfilelist",
			);
			name = "[CP] Embed Pods Frameworks";
			outputFileListPaths = (
				"${PODS_ROOT}/Target Support Files/Pods-Insta_Swift/Pods-Insta_Swift-frameworks-${CONFIGURATION}-output-files.xcfilelist",
			);
			runOnlyForDeploymentPostprocessing = 0;
			shellPath = /bin/sh;
			shellScript = "\"${PODS_ROOT}/Target Support Files/Pods-Insta_Swift/Pods-Insta_Swift-frameworks.sh\"\n";
			showEnvVarsInLog = 0;
		};
/* End PBXShellScriptBuildPhase section */

/* Begin PBXSourcesBuildPhase section */
		46771F6C26905D1200205646 /* Sources */ = {
			isa = PBXSourcesBuildPhase;
			buildActionMask = 2147483647;
			files = (
				46974F402690654100B10D39 /* ImageSelectorController.swift in Sources */,
				46974F5B26948DEC00B10D39 /* Constants.swift in Sources */,
				46974F3F2690654100B10D39 /* NotificationController.swift in Sources */,
				46974F5026933E9500B10D39 /* ImageUploader.swift in Sources */,
				46974F5226933EAA00B10D39 /* AuthService.swift in Sources */,
				46974F412690654100B10D39 /* MainTabController.swift in Sources */,
				46974F32269064FE00B10D39 /* CustomTextField.swift in Sources */,
				469750A726A5318600B10D39 /* UploadPostController.swift in Sources */,
				46771FEC2690613000205646 /* AppDelegate.swift in Sources */,
				4697503926997A9F00B10D39 /* UserCell.swift in Sources */,
				46974F442690654100B10D39 /* ProfileController.swift in Sources */,
				4697503B269AD5B600B10D39 /* ProfileHeaderViewModel.swift in Sources */,
				46974F5726944AB800B10D39 /* ProfileHeader.swift in Sources */,
				46974F30269064FE00B10D39 /* FeedCell.swift in Sources */,
				469750A926A534E000B10D39 /* InputTextView.swift in Sources */,
				46974F342690652100B10D39 /* Extensions.swift in Sources */,
				46974F31269064FE00B10D39 /* CustomButton.swift in Sources */,
				46975082269D08CD00B10D39 /* UserCellViewModel.swift in Sources */,
				46772002269061C000205646 /* SceneDelegate.swift in Sources */,
				46974F452690654100B10D39 /* SearchController.swift in Sources */,
				46974F5926948D5700B10D39 /* UserService.swift in Sources */,
				46974F3E2690654100B10D39 /* FeedController.swift in Sources */,
				46771F7E26905D1200205646 /* Insta_Swift.xcdatamodeld in Sources */,
				46974F5526944AB000B10D39 /* ProfileCell.swift in Sources */,
				46974F422690654100B10D39 /* RegistrationController.swift in Sources */,
				46974F432690654100B10D39 /* LoginController.swift in Sources */,
				46974F472692DE6A00B10D39 /* AuthenicationViewModel.swift in Sources */,
				46974F5D2694901700B10D39 /* User.swift in Sources */,
			);
			runOnlyForDeploymentPostprocessing = 0;
		};
/* End PBXSourcesBuildPhase section */

/* Begin PBXVariantGroup section */
		46771F8126905D1400205646 /* LaunchScreen.storyboard */ = {
			isa = PBXVariantGroup;
			children = (
				46771F8226905D1400205646 /* Base */,
			);
			name = LaunchScreen.storyboard;
			sourceTree = "<group>";
		};
/* End PBXVariantGroup section */

/* Begin XCBuildConfiguration section */
		46771F8526905D1400205646 /* Debug */ = {
			isa = XCBuildConfiguration;
			buildSettings = {
				ALWAYS_SEARCH_USER_PATHS = NO;
				CLANG_ANALYZER_NONNULL = YES;
				CLANG_ANALYZER_NUMBER_OBJECT_CONVERSION = YES_AGGRESSIVE;
				CLANG_CXX_LANGUAGE_STANDARD = "gnu++14";
				CLANG_CXX_LIBRARY = "libc++";
				CLANG_ENABLE_MODULES = YES;
				CLANG_ENABLE_OBJC_ARC = YES;
				CLANG_ENABLE_OBJC_WEAK = YES;
				CLANG_WARN_BLOCK_CAPTURE_AUTORELEASING = YES;
				CLANG_WARN_BOOL_CONVERSION = YES;
				CLANG_WARN_COMMA = YES;
				CLANG_WARN_CONSTANT_CONVERSION = YES;
				CLANG_WARN_DEPRECATED_OBJC_IMPLEMENTATIONS = YES;
				CLANG_WARN_DIRECT_OBJC_ISA_USAGE = YES_ERROR;
				CLANG_WARN_DOCUMENTATION_COMMENTS = YES;
				CLANG_WARN_EMPTY_BODY = YES;
				CLANG_WARN_ENUM_CONVERSION = YES;
				CLANG_WARN_INFINITE_RECURSION = YES;
				CLANG_WARN_INT_CONVERSION = YES;
				CLANG_WARN_NON_LITERAL_NULL_CONVERSION = YES;
				CLANG_WARN_OBJC_IMPLICIT_RETAIN_SELF = YES;
				CLANG_WARN_OBJC_LITERAL_CONVERSION = YES;
				CLANG_WARN_OBJC_ROOT_CLASS = YES_ERROR;
				CLANG_WARN_QUOTED_INCLUDE_IN_FRAMEWORK_HEADER = YES;
				CLANG_WARN_RANGE_LOOP_ANALYSIS = YES;
				CLANG_WARN_STRICT_PROTOTYPES = YES;
				CLANG_WARN_SUSPICIOUS_MOVE = YES;
				CLANG_WARN_UNGUARDED_AVAILABILITY = YES_AGGRESSIVE;
				CLANG_WARN_UNREACHABLE_CODE = YES;
				CLANG_WARN__DUPLICATE_METHOD_MATCH = YES;
				COPY_PHASE_STRIP = NO;
				DEBUG_INFORMATION_FORMAT = dwarf;
				ENABLE_STRICT_OBJC_MSGSEND = YES;
				ENABLE_TESTABILITY = YES;
				GCC_C_LANGUAGE_STANDARD = gnu11;
				GCC_DYNAMIC_NO_PIC = NO;
				GCC_NO_COMMON_BLOCKS = YES;
				GCC_OPTIMIZATION_LEVEL = 0;
				GCC_PREPROCESSOR_DEFINITIONS = (
					"DEBUG=1",
					"$(inherited)",
				);
				GCC_WARN_64_TO_32_BIT_CONVERSION = YES;
				GCC_WARN_ABOUT_RETURN_TYPE = YES_ERROR;
				GCC_WARN_UNDECLARED_SELECTOR = YES;
				GCC_WARN_UNINITIALIZED_AUTOS = YES_AGGRESSIVE;
				GCC_WARN_UNUSED_FUNCTION = YES;
				GCC_WARN_UNUSED_VARIABLE = YES;
				IPHONEOS_DEPLOYMENT_TARGET = 14.5;
				MTL_ENABLE_DEBUG_INFO = INCLUDE_SOURCE;
				MTL_FAST_MATH = YES;
				ONLY_ACTIVE_ARCH = YES;
				SDKROOT = iphoneos;
				SWIFT_ACTIVE_COMPILATION_CONDITIONS = DEBUG;
				SWIFT_OPTIMIZATION_LEVEL = "-Onone";
			};
			name = Debug;
		};
		46771F8626905D1400205646 /* Release */ = {
			isa = XCBuildConfiguration;
			buildSettings = {
				ALWAYS_SEARCH_USER_PATHS = NO;
				CLANG_ANALYZER_NONNULL = YES;
				CLANG_ANALYZER_NUMBER_OBJECT_CONVERSION = YES_AGGRESSIVE;
				CLANG_CXX_LANGUAGE_STANDARD = "gnu++14";
				CLANG_CXX_LIBRARY = "libc++";
				CLANG_ENABLE_MODULES = YES;
				CLANG_ENABLE_OBJC_ARC = YES;
				CLANG_ENABLE_OBJC_WEAK = YES;
				CLANG_WARN_BLOCK_CAPTURE_AUTORELEASING = YES;
				CLANG_WARN_BOOL_CONVERSION = YES;
				CLANG_WARN_COMMA = YES;
				CLANG_WARN_CONSTANT_CONVERSION = YES;
				CLANG_WARN_DEPRECATED_OBJC_IMPLEMENTATIONS = YES;
				CLANG_WARN_DIRECT_OBJC_ISA_USAGE = YES_ERROR;
				CLANG_WARN_DOCUMENTATION_COMMENTS = YES;
				CLANG_WARN_EMPTY_BODY = YES;
				CLANG_WARN_ENUM_CONVERSION = YES;
				CLANG_WARN_INFINITE_RECURSION = YES;
				CLANG_WARN_INT_CONVERSION = YES;
				CLANG_WARN_NON_LITERAL_NULL_CONVERSION = YES;
				CLANG_WARN_OBJC_IMPLICIT_RETAIN_SELF = YES;
				CLANG_WARN_OBJC_LITERAL_CONVERSION = YES;
				CLANG_WARN_OBJC_ROOT_CLASS = YES_ERROR;
				CLANG_WARN_QUOTED_INCLUDE_IN_FRAMEWORK_HEADER = YES;
				CLANG_WARN_RANGE_LOOP_ANALYSIS = YES;
				CLANG_WARN_STRICT_PROTOTYPES = YES;
				CLANG_WARN_SUSPICIOUS_MOVE = YES;
				CLANG_WARN_UNGUARDED_AVAILABILITY = YES_AGGRESSIVE;
				CLANG_WARN_UNREACHABLE_CODE = YES;
				CLANG_WARN__DUPLICATE_METHOD_MATCH = YES;
				COPY_PHASE_STRIP = NO;
				DEBUG_INFORMATION_FORMAT = "dwarf-with-dsym";
				ENABLE_NS_ASSERTIONS = NO;
				ENABLE_STRICT_OBJC_MSGSEND = YES;
				GCC_C_LANGUAGE_STANDARD = gnu11;
				GCC_NO_COMMON_BLOCKS = YES;
				GCC_WARN_64_TO_32_BIT_CONVERSION = YES;
				GCC_WARN_ABOUT_RETURN_TYPE = YES_ERROR;
				GCC_WARN_UNDECLARED_SELECTOR = YES;
				GCC_WARN_UNINITIALIZED_AUTOS = YES_AGGRESSIVE;
				GCC_WARN_UNUSED_FUNCTION = YES;
				GCC_WARN_UNUSED_VARIABLE = YES;
				IPHONEOS_DEPLOYMENT_TARGET = 14.5;
				MTL_ENABLE_DEBUG_INFO = NO;
				MTL_FAST_MATH = YES;
				SDKROOT = iphoneos;
				SWIFT_COMPILATION_MODE = wholemodule;
				SWIFT_OPTIMIZATION_LEVEL = "-O";
				VALIDATE_PRODUCT = YES;
			};
			name = Release;
		};
		46771F8826905D1400205646 /* Debug */ = {
			isa = XCBuildConfiguration;
			baseConfigurationReference = 7E153084015DFF6B57322A7C /* Pods-Insta_Swift.debug.xcconfig */;
			buildSettings = {
				ASSETCATALOG_COMPILER_APPICON_NAME = AppIcon;
				ASSETCATALOG_COMPILER_GLOBAL_ACCENT_COLOR_NAME = AccentColor;
				CODE_SIGN_ENTITLEMENTS = Insta_Swift/Insta_Swift.entitlements;
				CODE_SIGN_STYLE = Automatic;
				INFOPLIST_FILE = Insta_Swift/Info.plist;
				LD_RUNPATH_SEARCH_PATHS = (
					"$(inherited)",
					"@executable_path/Frameworks",
				);
				PRODUCT_BUNDLE_IDENTIFIER = "baek.Insta-Swift";
				PRODUCT_NAME = "$(TARGET_NAME)";
				SWIFT_VERSION = 5.0;
				TARGETED_DEVICE_FAMILY = "1,2";
			};
			name = Debug;
		};
		46771F8926905D1400205646 /* Release */ = {
			isa = XCBuildConfiguration;
			baseConfigurationReference = 0004FFA1E63A6B41D9F74EE0 /* Pods-Insta_Swift.release.xcconfig */;
			buildSettings = {
				ASSETCATALOG_COMPILER_APPICON_NAME = AppIcon;
				ASSETCATALOG_COMPILER_GLOBAL_ACCENT_COLOR_NAME = AccentColor;
				CODE_SIGN_ENTITLEMENTS = Insta_Swift/Insta_Swift.entitlements;
				CODE_SIGN_STYLE = Automatic;
				INFOPLIST_FILE = Insta_Swift/Info.plist;
				LD_RUNPATH_SEARCH_PATHS = (
					"$(inherited)",
					"@executable_path/Frameworks",
				);
				PRODUCT_BUNDLE_IDENTIFIER = "baek.Insta-Swift";
				PRODUCT_NAME = "$(TARGET_NAME)";
				SWIFT_VERSION = 5.0;
				TARGETED_DEVICE_FAMILY = "1,2";
			};
			name = Release;
		};
/* End XCBuildConfiguration section */

/* Begin XCConfigurationList section */
		46771F6B26905D1200205646 /* Build configuration list for PBXProject "Insta_Swift" */ = {
			isa = XCConfigurationList;
			buildConfigurations = (
				46771F8526905D1400205646 /* Debug */,
				46771F8626905D1400205646 /* Release */,
			);
			defaultConfigurationIsVisible = 0;
			defaultConfigurationName = Release;
		};
		46771F8726905D1400205646 /* Build configuration list for PBXNativeTarget "Insta_Swift" */ = {
			isa = XCConfigurationList;
			buildConfigurations = (
				46771F8826905D1400205646 /* Debug */,
				46771F8926905D1400205646 /* Release */,
			);
			defaultConfigurationIsVisible = 0;
			defaultConfigurationName = Release;
		};
/* End XCConfigurationList section */

/* Begin XCVersionGroup section */
		46771F7C26905D1200205646 /* Insta_Swift.xcdatamodeld */ = {
			isa = XCVersionGroup;
			children = (
				46771F7D26905D1200205646 /* Insta_Swift.xcdatamodel */,
			);
			currentVersion = 46771F7D26905D1200205646 /* Insta_Swift.xcdatamodel */;
			path = Insta_Swift.xcdatamodeld;
			sourceTree = "<group>";
			versionGroupType = wrapper.xcdatamodel;
		};
/* End XCVersionGroup section */
	};
	rootObject = 46771F6826905D1200205646 /* Project object */;
}
